
Microsoft Visual Studio Solution File, Format Version 12.00
# Visual Studio Version 16
VisualStudioVersion = 16.0.30204.135
MinimumVisualStudioVersion = 10.0.40219.1
Project("{FAE04EC0-301F-11D3-BF4B-00C04F79EFBC}") = "Placehold", "Placehold.csproj", "{0CD899DA-E647-4D2F-81BB-EDFC97A0A3A9}"
EndProject
Global
	GlobalSection(SolutionConfigurationPlatforms) = preSolution
		Debug|Any CPU = Debug|Any CPU
		Release|Any CPU = Release|Any CPU
	EndGlobalSection
	GlobalSection(ProjectConfigurationPlatforms) = postSolution
		{0CD899DA-E647-4D2F-81BB-EDFC97A0A3A9}.Debug|Any CPU.ActiveCfg = Debug|Any CPU
		{0CD899DA-E647-4D2F-81BB-EDFC97A0A3A9}.Debug|Any CPU.Build.0 = Debug|Any CPU
		{0CD899DA-E647-4D2F-81BB-EDFC97A0A3A9}.Release|Any CPU.ActiveCfg = Release|Any CPU
		{0CD899DA-E647-4D2F-81BB-EDFC97A0A3A9}.Release|Any CPU.Build.0 = Release|Any CPU
	EndGlobalSection
	GlobalSection(SolutionProperties) = preSolution
		HideSolutionNode = FALSE
	EndGlobalSection
	GlobalSection(ExtensibilityGlobals) = postSolution
		SolutionGuid = {890AD7F5-F1C7-4DD6-8834-9720E9D894CC}
	EndGlobalSection
EndGlobal
